
Microsoft Visual Studio Solution File, Format Version 12.00
# Visual Studio Version 16
VisualStudioVersion = 16.0.31702.278
MinimumVisualStudioVersion = 10.0.40219.1
Project("{FAE04EC0-301F-11D3-BF4B-00C04F79EFBC}") = "WinFormsAppXmlValidator", "WinFormsAppXmlValidator\WinFormsAppXmlValidator.csproj", "{AD45E806-BA2C-44D8-AE9F-5BF68D9F57A7}"
EndProject
Global
	GlobalSection(SolutionConfigurationPlatforms) = preSolution
		Debug|Any CPU = Debug|Any CPU
		Release|Any CPU = Release|Any CPU
	EndGlobalSection
	GlobalSection(ProjectConfigurationPlatforms) = postSolution
		{AD45E806-BA2C-44D8-AE9F-5BF68D9F57A7}.Debug|Any CPU.ActiveCfg = Debug|Any CPU
		{AD45E806-BA2C-44D8-AE9F-5BF68D9F57A7}.Debug|Any CPU.Build.0 = Debug|Any CPU
		{AD45E806-BA2C-44D8-AE9F-5BF68D9F57A7}.Release|Any CPU.ActiveCfg = Release|Any CPU
		{AD45E806-BA2C-44D8-AE9F-5BF68D9F57A7}.Release|Any CPU.Build.0 = Release|Any CPU
	EndGlobalSection
	GlobalSection(SolutionProperties) = preSolution
		HideSolutionNode = FALSE
	EndGlobalSection
	GlobalSection(ExtensibilityGlobals) = postSolution
		SolutionGuid = {BC5A6434-7517-44FC-8C5A-1D9148804350}
	EndGlobalSection
EndGlobal
